
Microsoft Visual Studio Solution File, Format Version 12.00
# Visual Studio Version 17
VisualStudioVersion = 17.2.32516.85
MinimumVisualStudioVersion = 10.0.40219.1
Project("{2150E333-8FDC-42A3-9474-1A3956D46DE8}") = "Backend", "Backend", "{4C80CFBF-B1CA-4C95-BDD9-DCFF7FAF5A6D}"
EndProject
Project("{2150E333-8FDC-42A3-9474-1A3956D46DE8}") = "Frontend", "Frontend", "{FD633B70-5617-4007-B8C7-A41473EF2D5E}"
EndProject
Project("{9A19103F-16F7-4668-BE54-9A1E7A4F7556}") = "ComputerRepairStore.Business", "ComputerRepairStore.Business\ComputerRepairStore.Business.csproj", "{5D8E8471-CD1D-4A6B-B4BB-2C345E50DC4F}"
EndProject
Project("{9A19103F-16F7-4668-BE54-9A1E7A4F7556}") = "ComputerRepairStore.Domain", "ComputerRepairStore.Domain\ComputerRepairStore.Domain.csproj", "{26B5BB40-4DB5-4F57-B775-D657F08955BD}"
EndProject
Project("{9A19103F-16F7-4668-BE54-9A1E7A4F7556}") = "ComputerRepairStore.Test", "ComputerRepairStore.Test\ComputerRepairStore.Test.csproj", "{4C8B762B-B2DD-43CF-97FB-9E9E0640A99E}"
EndProject
Project("{2150E333-8FDC-42A3-9474-1A3956D46DE8}") = "Test", "Test", "{9CE3F5FB-30C9-4D0B-B6AD-B2EB7993B3A7}"
EndProject
Project("{9A19103F-16F7-4668-BE54-9A1E7A4F7556}") = "ComputerRepairStore.BlazorApp", "ComputerRepairStore.BlazorApp\ComputerRepairStore.BlazorApp.csproj", "{C9703BD0-15B6-4DFB-8BCE-660875E39CD1}"
EndProject
Global
	GlobalSection(SolutionConfigurationPlatforms) = preSolution
		Debug|Any CPU = Debug|Any CPU
		Release|Any CPU = Release|Any CPU
	EndGlobalSection
	GlobalSection(ProjectConfigurationPlatforms) = postSolution
		{5D8E8471-CD1D-4A6B-B4BB-2C345E50DC4F}.Debug|Any CPU.ActiveCfg = Debug|Any CPU
		{5D8E8471-CD1D-4A6B-B4BB-2C345E50DC4F}.Debug|Any CPU.Build.0 = Debug|Any CPU
		{5D8E8471-CD1D-4A6B-B4BB-2C345E50DC4F}.Release|Any CPU.ActiveCfg = Release|Any CPU
		{5D8E8471-CD1D-4A6B-B4BB-2C345E50DC4F}.Release|Any CPU.Build.0 = Release|Any CPU
		{26B5BB40-4DB5-4F57-B775-D657F08955BD}.Debug|Any CPU.ActiveCfg = Debug|Any CPU
		{26B5BB40-4DB5-4F57-B775-D657F08955BD}.Debug|Any CPU.Build.0 = Debug|Any CPU
		{26B5BB40-4DB5-4F57-B775-D657F08955BD}.Release|Any CPU.ActiveCfg = Release|Any CPU
		{26B5BB40-4DB5-4F57-B775-D657F08955BD}.Release|Any CPU.Build.0 = Release|Any CPU
		{4C8B762B-B2DD-43CF-97FB-9E9E0640A99E}.Debug|Any CPU.ActiveCfg = Debug|Any CPU
		{4C8B762B-B2DD-43CF-97FB-9E9E0640A99E}.Debug|Any CPU.Build.0 = Debug|Any CPU
		{4C8B762B-B2DD-43CF-97FB-9E9E0640A99E}.Release|Any CPU.ActiveCfg = Release|Any CPU
		{4C8B762B-B2DD-43CF-97FB-9E9E0640A99E}.Release|Any CPU.Build.0 = Release|Any CPU
		{C9703BD0-15B6-4DFB-8BCE-660875E39CD1}.Debug|Any CPU.ActiveCfg = Debug|Any CPU
		{C9703BD0-15B6-4DFB-8BCE-660875E39CD1}.Debug|Any CPU.Build.0 = Debug|Any CPU
		{C9703BD0-15B6-4DFB-8BCE-660875E39CD1}.Release|Any CPU.ActiveCfg = Release|Any CPU
		{C9703BD0-15B6-4DFB-8BCE-660875E39CD1}.Release|Any CPU.Build.0 = Release|Any CPU
	EndGlobalSection
	GlobalSection(SolutionProperties) = preSolution
		HideSolutionNode = FALSE
	EndGlobalSection
	GlobalSection(NestedProjects) = preSolution
		{5D8E8471-CD1D-4A6B-B4BB-2C345E50DC4F} = {4C80CFBF-B1CA-4C95-BDD9-DCFF7FAF5A6D}
		{26B5BB40-4DB5-4F57-B775-D657F08955BD} = {4C80CFBF-B1CA-4C95-BDD9-DCFF7FAF5A6D}
		{4C8B762B-B2DD-43CF-97FB-9E9E0640A99E} = {9CE3F5FB-30C9-4D0B-B6AD-B2EB7993B3A7}
		{C9703BD0-15B6-4DFB-8BCE-660875E39CD1} = {FD633B70-5617-4007-B8C7-A41473EF2D5E}
	EndGlobalSection
	GlobalSection(ExtensibilityGlobals) = postSolution
		SolutionGuid = {8F30E39E-DABA-4D0A-AAE6-D95CA79985AE}
	EndGlobalSection
EndGlobal
